
Microsoft Visual Studio Solution File, Format Version 12.00
# Visual Studio Version 17
VisualStudioVersion = 17.3.32929.385
MinimumVisualStudioVersion = 10.0.40219.1
Project("{9A19103F-16F7-4668-BE54-9A1E7A4F7556}") = "YProject", "WinFormsApp1\YProject.csproj", "{BA45844C-E5A5-4BCD-B31A-1D8A9FD1CB52}"
EndProject
Global
	GlobalSection(SolutionConfigurationPlatforms) = preSolution
		Debug|Any CPU = Debug|Any CPU
		Release|Any CPU = Release|Any CPU
	EndGlobalSection
	GlobalSection(ProjectConfigurationPlatforms) = postSolution
		{BA45844C-E5A5-4BCD-B31A-1D8A9FD1CB52}.Debug|Any CPU.ActiveCfg = Debug|Any CPU
		{BA45844C-E5A5-4BCD-B31A-1D8A9FD1CB52}.Debug|Any CPU.Build.0 = Debug|Any CPU
		{BA45844C-E5A5-4BCD-B31A-1D8A9FD1CB52}.Release|Any CPU.ActiveCfg = Release|Any CPU
		{BA45844C-E5A5-4BCD-B31A-1D8A9FD1CB52}.Release|Any CPU.Build.0 = Release|Any CPU
	EndGlobalSection
	GlobalSection(SolutionProperties) = preSolution
		HideSolutionNode = FALSE
	EndGlobalSection
	GlobalSection(ExtensibilityGlobals) = postSolution
		SolutionGuid = {1C9CE799-064F-430A-818E-7DB9D2282DBA}
	EndGlobalSection
EndGlobal
